
Microsoft Visual Studio Solution File, Format Version 12.00
# Visual Studio Version 17
VisualStudioVersion = 17.0.32014.148
MinimumVisualStudioVersion = 10.0.40219.1
Project("{9A19103F-16F7-4668-BE54-9A1E7A4F7556}") = "Etapa1", "Etapa1.csproj", "{8957AD6E-B25F-47CB-AE76-4BF5107238D1}"
EndProject
Global
	GlobalSection(SolutionConfigurationPlatforms) = preSolution
		Debug|Any CPU = Debug|Any CPU
		Release|Any CPU = Release|Any CPU
	EndGlobalSection
	GlobalSection(ProjectConfigurationPlatforms) = postSolution
		{8957AD6E-B25F-47CB-AE76-4BF5107238D1}.Debug|Any CPU.ActiveCfg = Debug|Any CPU
		{8957AD6E-B25F-47CB-AE76-4BF5107238D1}.Debug|Any CPU.Build.0 = Debug|Any CPU
		{8957AD6E-B25F-47CB-AE76-4BF5107238D1}.Release|Any CPU.ActiveCfg = Release|Any CPU
		{8957AD6E-B25F-47CB-AE76-4BF5107238D1}.Release|Any CPU.Build.0 = Release|Any CPU
	EndGlobalSection
	GlobalSection(SolutionProperties) = preSolution
		HideSolutionNode = FALSE
	EndGlobalSection
	GlobalSection(ExtensibilityGlobals) = postSolution
		SolutionGuid = {B2C3DD2A-4ECB-4C95-A99C-875F5471615F}
	EndGlobalSection
EndGlobal
